{
  "version": 4,
  "terraform_version": "1.13.4",
  "serial": 114,
  "lineage": "93e2606a-bffa-e2ee-37c9-defe4b31af18",
  "outputs": {
    "instance_id": {
      "value": "sir-z9r7a4pp",
      "type": "string"
    },
    "instance_ip": {
      "value": "3.0.26.244",
      "type": "string"
    },
    "instance_password": {
      "value": "Gu4c9$?@?gi[G\u003cGB!-$1zZTI)gD$]al$",
      "type": "string",
      "sensitive": true
    }
  },
  "resources": [
    {
      "mode": "data",
      "type": "aws_ami",
      "name": "windows_ami",
      "provider": "provider[\"registry.terraform.io/hashicorp/aws\"]",
      "instances": [
        {
          "schema_version": 0,
          "attributes": {
            "allow_unsafe_filter": null,
            "architecture": "x86_64",
            "arn": "arn:aws:ec2:ap-southeast-1::image/ami-02e4327b3f4992b80",
            "block_device_mappings": [
              {
                "device_name": "/dev/sda1",
                "ebs": {
                  "delete_on_termination": "true",
                  "encrypted": "false",
                  "iops": "0",
                  "snapshot_id": "snap-026989859a14ae8cc",
                  "throughput": "0",
                  "volume_initialization_rate": "0",
                  "volume_size": "30",
                  "volume_type": "gp2"
                },
                "no_device": "",
                "virtual_name": ""
              },
              {
                "device_name": "xvdca",
                "ebs": {},
                "no_device": "",
                "virtual_name": "ephemeral0"
              },
              {
                "device_name": "xvdcb",
                "ebs": {},
                "no_device": "",
                "virtual_name": "ephemeral1"
              },
              {
                "device_name": "xvdcc",
                "ebs": {},
                "no_device": "",
                "virtual_name": "ephemeral2"
              },
              {
                "device_name": "xvdcd",
                "ebs": {},
                "no_device": "",
                "virtual_name": "ephemeral3"
              },
              {
                "device_name": "xvdce",
                "ebs": {},
                "no_device": "",
                "virtual_name": "ephemeral4"
              },
              {
                "device_name": "xvdcf",
                "ebs": {},
                "no_device": "",
                "virtual_name": "ephemeral5"
              },
              {
                "device_name": "xvdcg",
                "ebs": {},
                "no_device": "",
                "virtual_name": "ephemeral6"
              },
              {
                "device_name": "xvdch",
                "ebs": {},
                "no_device": "",
                "virtual_name": "ephemeral7"
              },
              {
                "device_name": "xvdci",
                "ebs": {},
                "no_device": "",
                "virtual_name": "ephemeral8"
              },
              {
                "device_name": "xvdcj",
                "ebs": {},
                "no_device": "",
                "virtual_name": "ephemeral9"
              },
              {
                "device_name": "xvdck",
                "ebs": {},
                "no_device": "",
                "virtual_name": "ephemeral10"
              },
              {
                "device_name": "xvdcl",
                "ebs": {},
                "no_device": "",
                "virtual_name": "ephemeral11"
              },
              {
                "device_name": "xvdcm",
                "ebs": {},
                "no_device": "",
                "virtual_name": "ephemeral12"
              },
              {
                "device_name": "xvdcn",
                "ebs": {},
                "no_device": "",
                "virtual_name": "ephemeral13"
              },
              {
                "device_name": "xvdco",
                "ebs": {},
                "no_device": "",
                "virtual_name": "ephemeral14"
              },
              {
                "device_name": "xvdcp",
                "ebs": {},
                "no_device": "",
                "virtual_name": "ephemeral15"
              },
              {
                "device_name": "xvdcq",
                "ebs": {},
                "no_device": "",
                "virtual_name": "ephemeral16"
              },
              {
                "device_name": "xvdcr",
                "ebs": {},
                "no_device": "",
                "virtual_name": "ephemeral17"
              },
              {
                "device_name": "xvdcs",
                "ebs": {},
                "no_device": "",
                "virtual_name": "ephemeral18"
              },
              {
                "device_name": "xvdct",
                "ebs": {},
                "no_device": "",
                "virtual_name": "ephemeral19"
              },
              {
                "device_name": "xvdcu",
                "ebs": {},
                "no_device": "",
                "virtual_name": "ephemeral20"
              },
              {
                "device_name": "xvdcv",
                "ebs": {},
                "no_device": "",
                "virtual_name": "ephemeral21"
              },
              {
                "device_name": "xvdcw",
                "ebs": {},
                "no_device": "",
                "virtual_name": "ephemeral22"
              },
              {
                "device_name": "xvdcx",
                "ebs": {},
                "no_device": "",
                "virtual_name": "ephemeral23"
              },
              {
                "device_name": "xvdcy",
                "ebs": {},
                "no_device": "",
                "virtual_name": "ephemeral24"
              },
              {
                "device_name": "xvdcz",
                "ebs": {},
                "no_device": "",
                "virtual_name": "ephemeral25"
              }
            ],
            "boot_mode": "",
            "creation_date": "2026-02-12T09:58:16.000Z",
            "deprecation_time": "2028-02-12T09:58:16.000Z",
            "description": "Microsoft Windows Server 2019 with Desktop Experience Locale English AMI provided by Amazon",
            "ena_support": true,
            "executable_users": null,
            "filter": [
              {
                "name": "name",
                "values": [
                  "Windows_Server-2019-English-Full-Base-*"
                ]
              }
            ],
            "hypervisor": "xen",
            "id": "ami-02e4327b3f4992b80",
            "image_id": "ami-02e4327b3f4992b80",
            "image_location": "amazon/Windows_Server-2019-English-Full-Base-2026.02.11",
            "image_owner_alias": "amazon",
            "image_type": "machine",
            "imds_support": "",
            "include_deprecated": false,
            "kernel_id": "",
            "last_launched_time": "",
            "most_recent": true,
            "name": "Windows_Server-2019-English-Full-Base-2026.02.11",
            "name_regex": null,
            "owner_id": "801119661308",
            "owners": [
              "amazon"
            ],
            "platform": "windows",
            "platform_details": "Windows",
            "product_codes": [],
            "public": true,
            "ramdisk_id": "",
            "region": "ap-southeast-1",
            "root_device_name": "/dev/sda1",
            "root_device_type": "ebs",
            "root_snapshot_id": "snap-026989859a14ae8cc",
            "sriov_net_support": "simple",
            "state": "available",
            "state_reason": {
              "code": "UNSET",
              "message": "UNSET"
            },
            "tags": {},
            "timeouts": null,
            "tpm_support": "",
            "uefi_data": null,
            "usage_operation": "RunInstances:0002",
            "virtualization_type": "hvm"
          },
          "sensitive_attributes": [],
          "identity_schema_version": 0
        }
      ]
    },
    {
      "mode": "managed",
      "type": "aws_eip",
      "name": "windows_instance",
      "provider": "provider[\"registry.terraform.io/hashicorp/aws\"]",
      "instances": [
        {
          "schema_version": 0,
          "attributes": {
            "address": null,
            "allocation_id": "eipalloc-01c34ca17fc519083",
            "arn": "arn:aws:ec2:ap-southeast-1:975049987578:elastic-ip/eipalloc-01c34ca17fc519083",
            "associate_with_private_ip": null,
            "association_id": "",
            "carrier_ip": "",
            "customer_owned_ip": "",
            "customer_owned_ipv4_pool": "",
            "domain": "vpc",
            "id": "eipalloc-01c34ca17fc519083",
            "instance": "",
            "ipam_pool_id": null,
            "network_border_group": "ap-southeast-1",
            "network_interface": "",
            "private_dns": null,
            "private_ip": "",
            "ptr_record": "",
            "public_dns": "ec2-3-0-26-244.ap-southeast-1.compute.amazonaws.com",
            "public_ip": "3.0.26.244",
            "public_ipv4_pool": "amazon",
            "region": "ap-southeast-1",
            "tags": {
              "App": "aws-cloud-gaming",
              "Name": "cloud-gaming-instance"
            },
            "tags_all": {
              "App": "aws-cloud-gaming",
              "Name": "cloud-gaming-instance"
            },
            "timeouts": null
          },
          "sensitive_attributes": [],
          "identity_schema_version": 0,
          "private": "eyJlMmJmYjczMC1lY2FhLTExZTYtOGY4OC0zNDM2M2JjN2M0YzAiOnsiZGVsZXRlIjoxODAwMDAwMDAwMDAsInJlYWQiOjkwMDAwMDAwMDAwMCwidXBkYXRlIjozMDAwMDAwMDAwMDB9fQ=="
        }
      ]
    },
    {
      "mode": "managed",
      "type": "aws_eip_association",
      "name": "windows_instance",
      "provider": "provider[\"registry.terraform.io/hashicorp/aws\"]",
      "instances": [
        {
          "schema_version": 0,
          "attributes": {
            "allocation_id": "eipalloc-01c34ca17fc519083",
            "allow_reassociation": null,
            "id": "eipassoc-011799b9eb2788faa",
            "instance_id": "i-08a796a3e34b10343",
            "network_interface_id": "eni-0b4f56d8d2d300f92",
            "private_ip_address": "10.0.1.161",
            "public_ip": "3.0.26.244",
            "region": "ap-southeast-1"
          },
          "sensitive_attributes": [],
          "identity_schema_version": 0,
          "private": "bnVsbA==",
          "dependencies": [
            "aws_eip.windows_instance",
            "aws_iam_instance_profile.windows_instance_profile",
            "aws_iam_role.windows_instance_role",
            "aws_security_group.default",
            "aws_spot_instance_request.windows_instance",
            "aws_ssm_parameter.password",
            "aws_subnet.public1",
            "aws_vpc.main",
            "data.aws_ami.windows_ami",
            "random_password.password"
          ]
        }
      ]
    },
    {
      "mode": "managed",
      "type": "aws_iam_instance_profile",
      "name": "windows_instance_profile",
      "provider": "provider[\"registry.terraform.io/hashicorp/aws\"]",
      "instances": [
        {
          "schema_version": 0,
          "attributes": {
            "arn": "arn:aws:iam::975049987578:instance-profile/cloud-gaming-instance-profile",
            "create_date": "2026-03-05T16:14:43Z",
            "id": "cloud-gaming-instance-profile",
            "name": "cloud-gaming-instance-profile",
            "name_prefix": "",
            "path": "/",
            "role": "cloud-gaming-instance-role",
            "tags": null,
            "tags_all": {},
            "unique_id": "AIPA6GBMCCX5N57TK5WN7"
          },
          "sensitive_attributes": [],
          "identity_schema_version": 0,
          "private": "bnVsbA==",
          "dependencies": [
            "aws_iam_role.windows_instance_role"
          ]
        }
      ]
    },
    {
      "mode": "managed",
      "type": "aws_iam_policy",
      "name": "driver_get_object_policy",
      "provider": "provider[\"registry.terraform.io/hashicorp/aws\"]",
      "instances": [
        {
          "schema_version": 0,
          "attributes": {
            "arn": "arn:aws:iam::975049987578:policy/driver-get-object-policy",
            "attachment_count": 0,
            "delay_after_policy_creation_in_ms": null,
            "description": "",
            "id": "arn:aws:iam::975049987578:policy/driver-get-object-policy",
            "name": "driver-get-object-policy",
            "name_prefix": "",
            "path": "/",
            "policy": "{\"Statement\":[{\"Action\":[\"s3:ListBucket\",\"s3:GetObject\"],\"Effect\":\"Allow\",\"Resource\":\"*\"}],\"Version\":\"2012-10-17\"}",
            "policy_id": "ANPA6GBMCCX5NWQVUC7UH",
            "tags": null,
            "tags_all": {}
          },
          "sensitive_attributes": [],
          "identity_schema_version": 0,
          "identity": {
            "arn": "arn:aws:iam::975049987578:policy/driver-get-object-policy"
          },
          "private": "bnVsbA=="
        }
      ]
    },
    {
      "mode": "managed",
      "type": "aws_iam_policy",
      "name": "password_get_parameter_policy",
      "provider": "provider[\"registry.terraform.io/hashicorp/aws\"]",
      "instances": [
        {
          "schema_version": 0,
          "attributes": {
            "arn": "arn:aws:iam::975049987578:policy/password-get-parameter-policy",
            "attachment_count": 0,
            "delay_after_policy_creation_in_ms": null,
            "description": "",
            "id": "arn:aws:iam::975049987578:policy/password-get-parameter-policy",
            "name": "password-get-parameter-policy",
            "name_prefix": "",
            "path": "/",
            "policy": "{\"Statement\":[{\"Action\":\"ssm:GetParameter\",\"Effect\":\"Allow\",\"Resource\":\"arn:aws:ssm:ap-southeast-1:975049987578:parameter/cloud-gaming-administrator-password\"}],\"Version\":\"2012-10-17\"}",
            "policy_id": "ANPA6GBMCCX5NOZ33CYKT",
            "tags": null,
            "tags_all": {}
          },
          "sensitive_attributes": [],
          "identity_schema_version": 0,
          "identity": {
            "arn": "arn:aws:iam::975049987578:policy/password-get-parameter-policy"
          },
          "private": "bnVsbA==",
          "dependencies": [
            "aws_ssm_parameter.password",
            "random_password.password"
          ]
        }
      ]
    },
    {
      "mode": "managed",
      "type": "aws_iam_role",
      "name": "windows_instance_role",
      "provider": "provider[\"registry.terraform.io/hashicorp/aws\"]",
      "instances": [
        {
          "schema_version": 0,
          "attributes": {
            "arn": "arn:aws:iam::975049987578:role/cloud-gaming-instance-role",
            "assume_role_policy": "{\"Statement\":[{\"Action\":\"sts:AssumeRole\",\"Effect\":\"Allow\",\"Principal\":{\"Service\":\"ec2.amazonaws.com\"},\"Sid\":\"\"}],\"Version\":\"2012-10-17\"}",
            "create_date": "2026-03-05T16:14:41Z",
            "description": "",
            "force_detach_policies": false,
            "id": "cloud-gaming-instance-role",
            "inline_policy": [],
            "managed_policy_arns": [],
            "max_session_duration": 3600,
            "name": "cloud-gaming-instance-role",
            "name_prefix": "",
            "path": "/",
            "permissions_boundary": "",
            "tags": {
              "App": "aws-cloud-gaming"
            },
            "tags_all": {
              "App": "aws-cloud-gaming"
            },
            "unique_id": "AROA6GBMCCX5NVGJDVYOQ"
          },
          "sensitive_attributes": [],
          "identity_schema_version": 0,
          "identity": {
            "account_id": "975049987578",
            "name": "cloud-gaming-instance-role"
          },
          "private": "bnVsbA=="
        }
      ]
    },
    {
      "mode": "managed",
      "type": "aws_iam_role_policy_attachment",
      "name": "driver_get_object_policy_attachment",
      "provider": "provider[\"registry.terraform.io/hashicorp/aws\"]",
      "instances": [
        {
          "schema_version": 0,
          "attributes": {
            "id": "cloud-gaming-instance-role/arn:aws:iam::975049987578:policy/driver-get-object-policy",
            "policy_arn": "arn:aws:iam::975049987578:policy/driver-get-object-policy",
            "role": "cloud-gaming-instance-role"
          },
          "sensitive_attributes": [],
          "identity_schema_version": 0,
          "identity": {
            "account_id": "975049987578",
            "policy_arn": "arn:aws:iam::975049987578:policy/driver-get-object-policy",
            "role": "cloud-gaming-instance-role"
          },
          "private": "bnVsbA==",
          "dependencies": [
            "aws_iam_policy.driver_get_object_policy",
            "aws_iam_role.windows_instance_role"
          ]
        }
      ]
    },
    {
      "mode": "managed",
      "type": "aws_iam_role_policy_attachment",
      "name": "password_get_parameter_policy_attachment",
      "provider": "provider[\"registry.terraform.io/hashicorp/aws\"]",
      "instances": [
        {
          "schema_version": 0,
          "attributes": {
            "id": "cloud-gaming-instance-role/arn:aws:iam::975049987578:policy/password-get-parameter-policy",
            "policy_arn": "arn:aws:iam::975049987578:policy/password-get-parameter-policy",
            "role": "cloud-gaming-instance-role"
          },
          "sensitive_attributes": [],
          "identity_schema_version": 0,
          "identity": {
            "account_id": "975049987578",
            "policy_arn": "arn:aws:iam::975049987578:policy/password-get-parameter-policy",
            "role": "cloud-gaming-instance-role"
          },
          "private": "bnVsbA==",
          "dependencies": [
            "aws_iam_policy.password_get_parameter_policy",
            "aws_iam_role.windows_instance_role",
            "aws_ssm_parameter.password",
            "random_password.password"
          ]
        }
      ]
    },
    {
      "mode": "managed",
      "type": "aws_internet_gateway",
      "name": "gw",
      "provider": "provider[\"registry.terraform.io/hashicorp/aws\"]",
      "instances": [
        {
          "schema_version": 0,
          "attributes": {
            "arn": "arn:aws:ec2:ap-southeast-1:975049987578:internet-gateway/igw-038f6a80ec5495746",
            "id": "igw-038f6a80ec5495746",
            "owner_id": "975049987578",
            "region": "ap-southeast-1",
            "tags": {
              "App": "aws-cloud-gaming"
            },
            "tags_all": {
              "App": "aws-cloud-gaming"
            },
            "timeouts": null,
            "vpc_id": "vpc-020921888fa2f3954"
          },
          "sensitive_attributes": [],
          "identity_schema_version": 0,
          "private": "eyJlMmJmYjczMC1lY2FhLTExZTYtOGY4OC0zNDM2M2JjN2M0YzAiOnsiY3JlYXRlIjoxMjAwMDAwMDAwMDAwLCJkZWxldGUiOjEyMDAwMDAwMDAwMDAsInVwZGF0ZSI6MTIwMDAwMDAwMDAwMH19",
          "dependencies": [
            "aws_vpc.main"
          ]
        }
      ]
    },
    {
      "mode": "managed",
      "type": "aws_route_table",
      "name": "public",
      "provider": "provider[\"registry.terraform.io/hashicorp/aws\"]",
      "instances": [
        {
          "schema_version": 0,
          "attributes": {
            "arn": "arn:aws:ec2:ap-southeast-1:975049987578:route-table/rtb-0f4c3f1b8e528dc07",
            "id": "rtb-0f4c3f1b8e528dc07",
            "owner_id": "975049987578",
            "propagating_vgws": [],
            "region": "ap-southeast-1",
            "route": [
              {
                "carrier_gateway_id": "",
                "cidr_block": "0.0.0.0/0",
                "core_network_arn": "",
                "destination_prefix_list_id": "",
                "egress_only_gateway_id": "",
                "gateway_id": "igw-038f6a80ec5495746",
                "ipv6_cidr_block": "",
                "local_gateway_id": "",
                "nat_gateway_id": "",
                "network_interface_id": "",
                "transit_gateway_id": "",
                "vpc_endpoint_id": "",
                "vpc_peering_connection_id": ""
              }
            ],
            "tags": {
              "App": "aws-cloud-gaming"
            },
            "tags_all": {
              "App": "aws-cloud-gaming"
            },
            "timeouts": null,
            "vpc_id": "vpc-020921888fa2f3954"
          },
          "sensitive_attributes": [],
          "identity_schema_version": 0,
          "identity": {
            "account_id": "975049987578",
            "id": "rtb-0f4c3f1b8e528dc07",
            "region": "ap-southeast-1"
          },
          "private": "eyJlMmJmYjczMC1lY2FhLTExZTYtOGY4OC0zNDM2M2JjN2M0YzAiOnsiY3JlYXRlIjozMDAwMDAwMDAwMDAsImRlbGV0ZSI6MzAwMDAwMDAwMDAwLCJ1cGRhdGUiOjEyMDAwMDAwMDAwMH19",
          "dependencies": [
            "aws_internet_gateway.gw",
            "aws_vpc.main"
          ]
        }
      ]
    },
    {
      "mode": "managed",
      "type": "aws_route_table_association",
      "name": "public1",
      "provider": "provider[\"registry.terraform.io/hashicorp/aws\"]",
      "instances": [
        {
          "schema_version": 0,
          "attributes": {
            "gateway_id": "",
            "id": "rtbassoc-0d3b695510bcc880d",
            "region": "ap-southeast-1",
            "route_table_id": "rtb-0f4c3f1b8e528dc07",
            "subnet_id": "subnet-00fd6641d48b9ab46",
            "timeouts": null
          },
          "sensitive_attributes": [],
          "identity_schema_version": 0,
          "private": "eyJlMmJmYjczMC1lY2FhLTExZTYtOGY4OC0zNDM2M2JjN2M0YzAiOnsiY3JlYXRlIjozMDAwMDAwMDAwMDAsImRlbGV0ZSI6MzAwMDAwMDAwMDAwLCJ1cGRhdGUiOjEyMDAwMDAwMDAwMH19",
          "dependencies": [
            "aws_internet_gateway.gw",
            "aws_route_table.public",
            "aws_subnet.public1",
            "aws_vpc.main"
          ]
        }
      ]
    },
    {
      "mode": "managed",
      "type": "aws_security_group",
      "name": "default",
      "provider": "provider[\"registry.terraform.io/hashicorp/aws\"]",
      "instances": [
        {
          "schema_version": 1,
          "attributes": {
            "arn": "arn:aws:ec2:ap-southeast-1:975049987578:security-group/sg-080f190725685a926",
            "description": "Managed by Terraform",
            "egress": [],
            "id": "sg-080f190725685a926",
            "ingress": [],
            "name": "cloud-gaming-sg",
            "name_prefix": "",
            "owner_id": "975049987578",
            "region": "ap-southeast-1",
            "revoke_rules_on_delete": false,
            "tags": {
              "App": "aws-cloud-gaming"
            },
            "tags_all": {
              "App": "aws-cloud-gaming"
            },
            "timeouts": null,
            "vpc_id": "vpc-020921888fa2f3954"
          },
          "sensitive_attributes": [],
          "identity_schema_version": 0,
          "identity": {
            "account_id": "975049987578",
            "id": "sg-080f190725685a926",
            "region": "ap-southeast-1"
          },
          "private": "eyJlMmJmYjczMC1lY2FhLTExZTYtOGY4OC0zNDM2M2JjN2M0YzAiOnsiY3JlYXRlIjo2MDAwMDAwMDAwMDAsImRlbGV0ZSI6OTAwMDAwMDAwMDAwfSwic2NoZW1hX3ZlcnNpb24iOiIxIn0=",
          "dependencies": [
            "aws_vpc.main"
          ]
        }
      ]
    },
    {
      "mode": "managed",
      "type": "aws_security_group_rule",
      "name": "default",
      "provider": "provider[\"registry.terraform.io/hashicorp/aws\"]",
      "instances": [
        {
          "schema_version": 2,
          "attributes": {
            "cidr_blocks": [
              "0.0.0.0/0"
            ],
            "description": null,
            "from_port": 0,
            "id": "sgrule-1298637575",
            "ipv6_cidr_blocks": null,
            "prefix_list_ids": null,
            "protocol": "-1",
            "region": "ap-southeast-1",
            "security_group_id": "sg-080f190725685a926",
            "security_group_rule_id": "sgr-040ffc0f149918a81",
            "self": false,
            "source_security_group_id": null,
            "timeouts": null,
            "to_port": 0,
            "type": "egress"
          },
          "sensitive_attributes": [],
          "identity_schema_version": 0,
          "private": "eyJlMmJmYjczMC1lY2FhLTExZTYtOGY4OC0zNDM2M2JjN2M0YzAiOnsiY3JlYXRlIjozMDAwMDAwMDAwMDB9LCJzY2hlbWFfdmVyc2lvbiI6IjIifQ==",
          "dependencies": [
            "aws_security_group.default",
            "aws_vpc.main"
          ]
        }
      ]
    },
    {
      "mode": "managed",
      "type": "aws_security_group_rule",
      "name": "rdp_ingress",
      "provider": "provider[\"registry.terraform.io/hashicorp/aws\"]",
      "instances": [
        {
          "schema_version": 2,
          "attributes": {
            "cidr_blocks": [
              "184.22.144.133/32"
            ],
            "description": "Allow rdp connections (port 3389)",
            "from_port": 3389,
            "id": "sgrule-233371712",
            "ipv6_cidr_blocks": null,
            "prefix_list_ids": null,
            "protocol": "tcp",
            "region": "ap-southeast-1",
            "security_group_id": "sg-080f190725685a926",
            "security_group_rule_id": "sgr-0bcdd985cc1ee6540",
            "self": false,
            "source_security_group_id": null,
            "timeouts": null,
            "to_port": 3389,
            "type": "ingress"
          },
          "sensitive_attributes": [],
          "identity_schema_version": 0,
          "private": "eyJlMmJmYjczMC1lY2FhLTExZTYtOGY4OC0zNDM2M2JjN2M0YzAiOnsiY3JlYXRlIjozMDAwMDAwMDAwMDB9LCJzY2hlbWFfdmVyc2lvbiI6IjIifQ==",
          "dependencies": [
            "aws_security_group.default",
            "aws_vpc.main"
          ]
        }
      ]
    },
    {
      "mode": "managed",
      "type": "aws_security_group_rule",
      "name": "vnc_ingress",
      "provider": "provider[\"registry.terraform.io/hashicorp/aws\"]",
      "instances": [
        {
          "schema_version": 2,
          "attributes": {
            "cidr_blocks": [
              "0.0.0.0/0"
            ],
            "description": "Allow vnc connections (port 5900)",
            "from_port": 5900,
            "id": "sgrule-1044869680",
            "ipv6_cidr_blocks": null,
            "prefix_list_ids": null,
            "protocol": "tcp",
            "region": "ap-southeast-1",
            "security_group_id": "sg-080f190725685a926",
            "security_group_rule_id": "sgr-03eca88c1c657a344",
            "self": false,
            "source_security_group_id": null,
            "timeouts": null,
            "to_port": 5900,
            "type": "ingress"
          },
          "sensitive_attributes": [],
          "identity_schema_version": 0,
          "private": "eyJlMmJmYjczMC1lY2FhLTExZTYtOGY4OC0zNDM2M2JjN2M0YzAiOnsiY3JlYXRlIjozMDAwMDAwMDAwMDB9LCJzY2hlbWFfdmVyc2lvbiI6IjIifQ==",
          "dependencies": [
            "aws_security_group.default",
            "aws_vpc.main"
          ]
        }
      ]
    },
    {
      "mode": "managed",
      "type": "aws_spot_instance_request",
      "name": "windows_instance",
      "provider": "provider[\"registry.terraform.io/hashicorp/aws\"]",
      "instances": [
        {
          "schema_version": 0,
          "attributes": {
            "ami": "ami-02e4327b3f4992b80",
            "arn": null,
            "associate_public_ip_address": true,
            "availability_zone": null,
            "capacity_reservation_specification": null,
            "cpu_options": null,
            "credit_specification": [],
            "disable_api_stop": null,
            "disable_api_termination": null,
            "ebs_block_device": [],
            "ebs_optimized": true,
            "enable_primary_ipv6": null,
            "enclave_options": null,
            "ephemeral_block_device": [],
            "force_destroy": false,
            "get_password_data": false,
            "hibernation": null,
            "host_id": null,
            "host_resource_group_arn": null,
            "iam_instance_profile": "cloud-gaming-instance-profile",
            "id": "sir-z9r7a4pp",
            "instance_initiated_shutdown_behavior": null,
            "instance_interruption_behavior": "terminate",
            "instance_state": null,
            "instance_type": "g4dn.xlarge",
            "ipv6_address_count": 0,
            "ipv6_addresses": [],
            "key_name": "",
            "launch_group": "",
            "launch_template": [],
            "maintenance_options": null,
            "metadata_options": null,
            "monitoring": null,
            "network_interface": [],
            "outpost_arn": null,
            "password_data": "",
            "placement_group": null,
            "placement_group_id": null,
            "placement_partition_number": null,
            "primary_network_interface": [
              {
                "delete_on_termination": true,
                "network_interface_id": "eni-0b4f56d8d2d300f92"
              }
            ],
            "primary_network_interface_id": "eni-0b4f56d8d2d300f92",
            "private_dns": "ip-10-0-1-161.ap-southeast-1.compute.internal",
            "private_dns_name_options": null,
            "private_ip": "10.0.1.161",
            "public_dns": "",
            "public_ip": "18.143.101.78",
            "region": "ap-southeast-1",
            "root_block_device": [
              {
                "delete_on_termination": true,
                "device_name": "/dev/sda1",
                "encrypted": false,
                "iops": 360,
                "kms_key_id": "",
                "tags": null,
                "tags_all": {},
                "throughput": 0,
                "volume_id": "vol-043cf14798c3a740c",
                "volume_size": 120,
                "volume_type": "gp2"
              }
            ],
            "secondary_network_interface": [],
            "secondary_private_ips": [],
            "security_groups": [],
            "source_dest_check": true,
            "spot_bid_status": "fulfilled",
            "spot_instance_id": "i-08a796a3e34b10343",
            "spot_price": "0.920000",
            "spot_request_state": "active",
            "spot_type": "one-time",
            "subnet_id": "subnet-00fd6641d48b9ab46",
            "tags": {
              "App": "aws-cloud-gaming",
              "Name": "cloud-gaming-instance"
            },
            "tags_all": {
              "App": "aws-cloud-gaming",
              "Name": "cloud-gaming-instance"
            },
            "tenancy": null,
            "timeouts": null,
            "user_data": "\u003cpowershell\u003e\r\n\r\nfunction run-once-on-login ($taskname, $action) {\r\n    $trigger = New-ScheduledTaskTrigger -AtLogon -RandomDelay $(New-TimeSpan -seconds 30)\r\n    $trigger.Delay = \"PT30S\"\r\n    $selfDestruct = New-ScheduledTaskAction -Execute powershell.exe -Argument \"-WindowStyle Hidden -Command `\"Disable-ScheduledTask -TaskName $taskname`\"\"\r\n    Register-ScheduledTask -TaskName $taskname -Trigger $trigger -Action $action,$selfDestruct -RunLevel Highest\r\n}\r\n\r\nfunction install-chocolatey {\r\n    Set-ExecutionPolicy Bypass -Scope Process -Force; [System.Net.ServicePointManager]::SecurityProtocol = [System.Net.ServicePointManager]::SecurityProtocol -bor 3072; iex ((New-Object System.Net.WebClient).DownloadString('https://chocolatey.org/install.ps1'))\r\n    choco feature enable -n allowGlobalConfirmation\r\n}\r\n\r\nfunction install-parsec-cloud-preparation-tool {\r\n    # https://github.com/jamesstringerparsec/Parsec-Cloud-Preparation-Tool\r\n    $desktopPath = [Environment]::GetFolderPath(\"Desktop\")\r\n    $downloadPath = \"C:\\Parsec-Cloud-Preparation-Tool.zip\"\r\n    $extractPath = \"C:\\Parsec-Cloud-Preparation-Tool\"\r\n    $repoPath = Join-Path $extractPath \"Parsec-Cloud-Preparation-Tool-master\"\r\n    $copyPath = Join-Path $desktopPath \"ParsecTemp\"\r\n    $scriptEntrypoint = Join-Path $repoPath \"PostInstall\\PostInstall.ps1\"\r\n\r\n    if (!(Test-Path -Path $extractPath)) {\r\n        [Net.ServicePointManager]::SecurityProtocol = \"tls12, tls11, tls\"\r\n        (New-Object System.Net.WebClient).DownloadFile(\"https://github.com/jamesstringerparsec/Parsec-Cloud-Preparation-Tool/archive/master.zip\", $downloadPath)\r\n        New-Item -Path $extractPath -ItemType Directory\r\n        Expand-Archive $downloadPath -DestinationPath $extractPath\r\n        Remove-Item $downloadPath\r\n\r\n        New-Item -Path $copyPath -ItemType Directory\r\n        Copy-Item $repoPath/* $copyPath -Recurse -Container\r\n\r\n        # Setup scheduled task to run Parsec-Cloud-Preparation-Tool once at logon\r\n        $action = New-ScheduledTaskAction -Execute powershell.exe -WorkingDirectory $repoPath -Argument \"-Command `\"$scriptEntrypoint -DontPromptPasswordUpdateGPU`\"\"\r\n        run-once-on-login \"Parsec-Cloud-Preparation-Tool\" $action\r\n    }\r\n}\r\n\r\nfunction install-admin-password {\r\n    $password = (Get-SSMParameter -WithDecryption $true -Name 'cloud-gaming-administrator-password').Value\r\n    net user Administrator \"$password\"\r\n}\r\n\r\nfunction install-autologin {\r\n    Install-Module -Name DSCR_AutoLogon -Force\r\n    Import-Module -Name DSCR_AutoLogon\r\n    $password = (Get-SSMParameter -WithDecryption $true -Name 'cloud-gaming-administrator-password').Value\r\n    $regPath = \"HKEY_LOCAL_MACHINE\\SOFTWARE\\Microsoft\\Windows NT\\CurrentVersion\\Winlogon\"\r\n    [microsoft.win32.registry]::SetValue($regPath, \"AutoAdminLogon\", \"1\")\r\n    [microsoft.win32.registry]::SetValue($regPath, \"DefaultUserName\", \"Administrator\")\r\n    Remove-ItemProperty -Path $regPath -Name \"DefaultPassword\" -ErrorAction SilentlyContinue\r\n    (New-Object PInvoke.LSAUtil.LSAutil -ArgumentList \"DefaultPassword\").SetSecret($password)\r\n}\r\n\r\nfunction install-graphic-driver {\r\n    # https://docs.aws.amazon.com/AWSEC2/latest/WindowsGuide/install-nvidia-driver.html#nvidia-gaming-driver\r\n\r\n    if (!(Test-Path -Path \"C:\\Program Files\\NVIDIA Corporation\\NVSMI\")) {\r\n        $ExtractionPath = \"C:\\nvidia-driver\\driver\"\r\n        $Bucket = \"\"\r\n        $KeyPrefix = \"\"\r\n        $InstallerFilter = \"*win10*\"\r\n\r\n        \r\n        \r\n\r\n        # vGaming driver for g4\r\n        $Bucket = \"nvidia-gaming\"\r\n        $KeyPrefix = \"windows/latest\"\r\n\r\n        # download and extract driver\r\n        $Objects = Get-S3Object -BucketName $Bucket -KeyPrefix $KeyPrefix -Region us-east-1\r\n        foreach ($Object in $Objects) {\r\n            if ($Object.Size -ne 0) {\r\n                $LocalFileName = \"C:\\nvidia-driver\\driver.zip\"\r\n                Copy-S3Object -BucketName $Bucket -Key $Object.Key -LocalFile $LocalFileName -Region us-east-1\r\n                Expand-Archive $LocalFileName -DestinationPath $ExtractionPath\r\n                break\r\n            }\r\n        }\r\n\r\n        # install licence\r\n        Copy-S3Object -BucketName $Bucket -Key \"GridSwCert-Archive/GridSwCert-Windows_2020_04.cert\" -LocalFile \"C:\\Users\\Public\\Documents\\GridSwCert.txt\" -Region us-east-1\r\n        [microsoft.win32.registry]::SetValue(\"HKEY_LOCAL_MACHINE\\SOFTWARE\\NVIDIA Corporation\\Global\", \"vGamingMarketplace\", 0x02)\r\n\r\n        \r\n        \r\n\r\n        if (Test-Path -Path $ExtractionPath) {\r\n            # install driver\r\n            $InstallerFile = Get-ChildItem -path $ExtractionPath -Include $InstallerFilter -Recurse | ForEach-Object { $_.FullName }\r\n            Start-Process -FilePath $InstallerFile -ArgumentList \"/s /n\" -Wait\r\n\r\n            # install task to disable second monitor on login\r\n            $trigger = New-ScheduledTaskTrigger -AtLogon\r\n            $action = New-ScheduledTaskAction -Execute displayswitch.exe -Argument \"/internal\"\r\n            Register-ScheduledTask -TaskName \"disable-second-monitor\" -Trigger $trigger -Action $action -RunLevel Highest\r\n\r\n            # cleanup\r\n            Remove-Item -Path \"C:\\nvidia-driver\" -Recurse\r\n        }\r\n        else {\r\n            $action = New-ScheduledTaskAction -Execute powershell.exe -Argument \"-WindowStyle Hidden -Command `\"(New-Object -ComObject Wscript.Shell).Popup('Automatic GPU driver installation is unsupported for this instance type: g4dn.xlarge. Please install them manually.')`\"\"\r\n            run-once-on-login \"gpu-driver-warning\" $action\r\n        }\r\n    }\r\n}\r\n\r\ninstall-chocolatey\r\nInstall-PackageProvider -Name NuGet -Force\r\nchoco install awstools.powershell\r\n\r\n\r\ninstall-parsec-cloud-preparation-tool\r\n\r\n\r\ninstall-admin-password\r\n\r\n\r\ninstall-autologin\r\n\r\n\r\n\r\ninstall-graphic-driver\r\n\r\n\r\n\r\nchoco install steam\r\n\r\n\r\n\r\nchoco install epicgameslauncher\r\n\r\n\r\n\u003c/powershell\u003e",
            "user_data_base64": null,
            "user_data_replace_on_change": false,
            "valid_from": "0001-01-01T00:00:00Z",
            "valid_until": "2026-03-12T16:14:59Z",
            "volume_tags": null,
            "vpc_security_group_ids": [
              "sg-080f190725685a926"
            ],
            "wait_for_fulfillment": true
          },
          "sensitive_attributes": [],
          "identity_schema_version": 0,
          "private": "eyJlMmJmYjczMC1lY2FhLTExZTYtOGY4OC0zNDM2M2JjN2M0YzAiOnsiY3JlYXRlIjo2MDAwMDAwMDAwMDAsImRlbGV0ZSI6MTIwMDAwMDAwMDAwMCwicmVhZCI6OTAwMDAwMDAwMDAwfX0=",
          "dependencies": [
            "aws_iam_instance_profile.windows_instance_profile",
            "aws_iam_role.windows_instance_role",
            "aws_security_group.default",
            "aws_ssm_parameter.password",
            "aws_subnet.public1",
            "aws_vpc.main",
            "data.aws_ami.windows_ami",
            "random_password.password"
          ]
        }
      ]
    },
    {
      "mode": "managed",
      "type": "aws_ssm_parameter",
      "name": "password",
      "provider": "provider[\"registry.terraform.io/hashicorp/aws\"]",
      "instances": [
        {
          "schema_version": 0,
          "attributes": {
            "allowed_pattern": "",
            "arn": "arn:aws:ssm:ap-southeast-1:975049987578:parameter/cloud-gaming-administrator-password",
            "data_type": "text",
            "description": "",
            "has_value_wo": false,
            "id": "cloud-gaming-administrator-password",
            "insecure_value": null,
            "key_id": "alias/aws/ssm",
            "name": "cloud-gaming-administrator-password",
            "overwrite": null,
            "region": "ap-southeast-1",
            "tags": {
              "App": "aws-cloud-gaming"
            },
            "tags_all": {
              "App": "aws-cloud-gaming"
            },
            "tier": "Standard",
            "type": "SecureString",
            "value": "Gu4c9$?@?gi[G\u003cGB!-$1zZTI)gD$]al$",
            "value_wo": null,
            "value_wo_version": null,
            "version": 1
          },
          "sensitive_attributes": [
            [
              {
                "type": "get_attr",
                "value": "value"
              }
            ],
            [
              {
                "type": "get_attr",
                "value": "value_wo"
              }
            ]
          ],
          "identity_schema_version": 0,
          "identity": {
            "account_id": "975049987578",
            "name": "cloud-gaming-administrator-password",
            "region": "ap-southeast-1"
          },
          "private": "bnVsbA==",
          "dependencies": [
            "random_password.password"
          ]
        }
      ]
    },
    {
      "mode": "managed",
      "type": "aws_subnet",
      "name": "public1",
      "provider": "provider[\"registry.terraform.io/hashicorp/aws\"]",
      "instances": [
        {
          "schema_version": 1,
          "attributes": {
            "arn": "arn:aws:ec2:ap-southeast-1:975049987578:subnet/subnet-00fd6641d48b9ab46",
            "assign_ipv6_address_on_creation": false,
            "availability_zone": "ap-southeast-1a",
            "availability_zone_id": "apse1-az2",
            "cidr_block": "10.0.1.0/24",
            "customer_owned_ipv4_pool": "",
            "enable_dns64": false,
            "enable_lni_at_device_index": 0,
            "enable_resource_name_dns_a_record_on_launch": false,
            "enable_resource_name_dns_aaaa_record_on_launch": false,
            "id": "subnet-00fd6641d48b9ab46",
            "ipv4_ipam_pool_id": null,
            "ipv4_netmask_length": null,
            "ipv6_cidr_block": "",
            "ipv6_cidr_block_association_id": "",
            "ipv6_ipam_pool_id": null,
            "ipv6_native": false,
            "ipv6_netmask_length": null,
            "map_customer_owned_ip_on_launch": false,
            "map_public_ip_on_launch": true,
            "outpost_arn": "",
            "owner_id": "975049987578",
            "private_dns_hostname_type_on_launch": "ip-name",
            "region": "ap-southeast-1",
            "tags": {
              "App": "aws-cloud-gaming"
            },
            "tags_all": {
              "App": "aws-cloud-gaming"
            },
            "timeouts": null,
            "vpc_id": "vpc-020921888fa2f3954"
          },
          "sensitive_attributes": [],
          "identity_schema_version": 0,
          "identity": {
            "account_id": "975049987578",
            "id": "subnet-00fd6641d48b9ab46",
            "region": "ap-southeast-1"
          },
          "private": "eyJlMmJmYjczMC1lY2FhLTExZTYtOGY4OC0zNDM2M2JjN2M0YzAiOnsiY3JlYXRlIjo2MDAwMDAwMDAwMDAsImRlbGV0ZSI6MTIwMDAwMDAwMDAwMH0sInNjaGVtYV92ZXJzaW9uIjoiMSJ9",
          "dependencies": [
            "aws_vpc.main"
          ]
        }
      ]
    },
    {
      "mode": "managed",
      "type": "aws_vpc",
      "name": "main",
      "provider": "provider[\"registry.terraform.io/hashicorp/aws\"]",
      "instances": [
        {
          "schema_version": 1,
          "attributes": {
            "arn": "arn:aws:ec2:ap-southeast-1:975049987578:vpc/vpc-020921888fa2f3954",
            "assign_generated_ipv6_cidr_block": false,
            "cidr_block": "10.0.0.0/16",
            "default_network_acl_id": "acl-07996586517ed8c1e",
            "default_route_table_id": "rtb-08070b5b171a9a3b4",
            "default_security_group_id": "sg-02fc8342333bf9a96",
            "dhcp_options_id": "dopt-01292bbaeffd8a758",
            "enable_dns_hostnames": false,
            "enable_dns_support": true,
            "enable_network_address_usage_metrics": false,
            "id": "vpc-020921888fa2f3954",
            "instance_tenancy": "default",
            "ipv4_ipam_pool_id": null,
            "ipv4_netmask_length": null,
            "ipv6_association_id": "",
            "ipv6_cidr_block": "",
            "ipv6_cidr_block_network_border_group": "",
            "ipv6_ipam_pool_id": "",
            "ipv6_netmask_length": 0,
            "main_route_table_id": "rtb-08070b5b171a9a3b4",
            "owner_id": "975049987578",
            "region": "ap-southeast-1",
            "tags": {
              "App": "cloud-gaming"
            },
            "tags_all": {
              "App": "cloud-gaming"
            }
          },
          "sensitive_attributes": [],
          "identity_schema_version": 0,
          "identity": {
            "account_id": "975049987578",
            "id": "vpc-020921888fa2f3954",
            "region": "ap-southeast-1"
          },
          "private": "eyJzY2hlbWFfdmVyc2lvbiI6IjEifQ=="
        }
      ]
    },
    {
      "mode": "managed",
      "type": "random_integer",
      "name": "az_id",
      "provider": "provider[\"registry.terraform.io/hashicorp/random\"]",
      "instances": [
        {
          "schema_version": 0,
          "attributes": {
            "id": "1",
            "keepers": null,
            "max": 1,
            "min": 0,
            "result": 1,
            "seed": null
          },
          "sensitive_attributes": [],
          "identity_schema_version": 0
        }
      ]
    },
    {
      "mode": "managed",
      "type": "random_password",
      "name": "password",
      "provider": "provider[\"registry.terraform.io/hashicorp/random\"]",
      "instances": [
        {
          "schema_version": 3,
          "attributes": {
            "bcrypt_hash": "$2a$10$k81ZhBizH8Ka154FcXzG9ulelPVpq4yYpP96KPa2ScipKhAO6F01C",
            "id": "none",
            "keepers": null,
            "length": 32,
            "lower": true,
            "min_lower": 0,
            "min_numeric": 0,
            "min_special": 0,
            "min_upper": 0,
            "number": true,
            "numeric": true,
            "override_special": null,
            "result": "Gu4c9$?@?gi[G\u003cGB!-$1zZTI)gD$]al$",
            "special": true,
            "upper": true
          },
          "sensitive_attributes": [
            [
              {
                "type": "get_attr",
                "value": "bcrypt_hash"
              }
            ],
            [
              {
                "type": "get_attr",
                "value": "result"
              }
            ]
          ],
          "identity_schema_version": 0
        }
      ]
    }
  ],
  "check_results": null
}
